
Microsoft Visual Studio Solution File, Format Version 12.00
# Visual Studio Version 17
VisualStudioVersion = 17.7.34031.279
MinimumVisualStudioVersion = 10.0.40219.1
Project("{9A19103F-16F7-4668-BE54-9A1E7A4F7556}") = "Project1", "CompleteReferenceCSharpSchildt\Project1.csproj", "{53457C28-F682-4735-BC90-4C1D0927BFED}"
EndProject
Project("{2150E333-8FDC-42A3-9474-1A3956D46DE8}") = "Chapter2", "Chapter2", "{A71CB2FF-1A5C-450C-94FA-FCD62E4436A6}"
EndProject
Project("{9A19103F-16F7-4668-BE54-9A1E7A4F7556}") = "Example2", "Example2\Example2.csproj", "{CF72C11B-2FFC-4B86-9147-BD0A8124D84E}"
EndProject
Project("{9A19103F-16F7-4668-BE54-9A1E7A4F7556}") = "Example3", "Example3\Example3.csproj", "{F9CD7165-1F78-4932-8D1D-502D3691C19F}"
EndProject
Project("{9A19103F-16F7-4668-BE54-9A1E7A4F7556}") = "Circle", "Circle\Circle.csproj", "{D948A33F-5B8C-41F9-BFE5-DD1659897E9F}"
EndProject
Project("{9A19103F-16F7-4668-BE54-9A1E7A4F7556}") = "IFDemo", "IFDemo\IFDemo.csproj", "{F5B1310A-F1E5-4D72-8043-A9E3165D9560}"
EndProject
Project("{FAE04EC0-301F-11D3-BF4B-00C04F79EFBC}") = "ForDemo", "ForDemo\ForDemo.csproj", "{469D5E88-2837-467B-BA0A-B5F8C7C4C791}"
EndProject
Global
	GlobalSection(SolutionConfigurationPlatforms) = preSolution
		Debug|Any CPU = Debug|Any CPU
		Release|Any CPU = Release|Any CPU
	EndGlobalSection
	GlobalSection(ProjectConfigurationPlatforms) = postSolution
		{53457C28-F682-4735-BC90-4C1D0927BFED}.Debug|Any CPU.ActiveCfg = Debug|Any CPU
		{53457C28-F682-4735-BC90-4C1D0927BFED}.Debug|Any CPU.Build.0 = Debug|Any CPU
		{53457C28-F682-4735-BC90-4C1D0927BFED}.Release|Any CPU.ActiveCfg = Release|Any CPU
		{53457C28-F682-4735-BC90-4C1D0927BFED}.Release|Any CPU.Build.0 = Release|Any CPU
		{CF72C11B-2FFC-4B86-9147-BD0A8124D84E}.Debug|Any CPU.ActiveCfg = Debug|Any CPU
		{CF72C11B-2FFC-4B86-9147-BD0A8124D84E}.Debug|Any CPU.Build.0 = Debug|Any CPU
		{CF72C11B-2FFC-4B86-9147-BD0A8124D84E}.Release|Any CPU.ActiveCfg = Release|Any CPU
		{CF72C11B-2FFC-4B86-9147-BD0A8124D84E}.Release|Any CPU.Build.0 = Release|Any CPU
		{F9CD7165-1F78-4932-8D1D-502D3691C19F}.Debug|Any CPU.ActiveCfg = Debug|Any CPU
		{F9CD7165-1F78-4932-8D1D-502D3691C19F}.Debug|Any CPU.Build.0 = Debug|Any CPU
		{F9CD7165-1F78-4932-8D1D-502D3691C19F}.Release|Any CPU.ActiveCfg = Release|Any CPU
		{F9CD7165-1F78-4932-8D1D-502D3691C19F}.Release|Any CPU.Build.0 = Release|Any CPU
		{D948A33F-5B8C-41F9-BFE5-DD1659897E9F}.Debug|Any CPU.ActiveCfg = Debug|Any CPU
		{D948A33F-5B8C-41F9-BFE5-DD1659897E9F}.Debug|Any CPU.Build.0 = Debug|Any CPU
		{D948A33F-5B8C-41F9-BFE5-DD1659897E9F}.Release|Any CPU.ActiveCfg = Release|Any CPU
		{D948A33F-5B8C-41F9-BFE5-DD1659897E9F}.Release|Any CPU.Build.0 = Release|Any CPU
		{F5B1310A-F1E5-4D72-8043-A9E3165D9560}.Debug|Any CPU.ActiveCfg = Debug|Any CPU
		{F5B1310A-F1E5-4D72-8043-A9E3165D9560}.Debug|Any CPU.Build.0 = Debug|Any CPU
		{F5B1310A-F1E5-4D72-8043-A9E3165D9560}.Release|Any CPU.ActiveCfg = Release|Any CPU
		{F5B1310A-F1E5-4D72-8043-A9E3165D9560}.Release|Any CPU.Build.0 = Release|Any CPU
		{469D5E88-2837-467B-BA0A-B5F8C7C4C791}.Debug|Any CPU.ActiveCfg = Debug|Any CPU
		{469D5E88-2837-467B-BA0A-B5F8C7C4C791}.Debug|Any CPU.Build.0 = Debug|Any CPU
		{469D5E88-2837-467B-BA0A-B5F8C7C4C791}.Release|Any CPU.ActiveCfg = Release|Any CPU
		{469D5E88-2837-467B-BA0A-B5F8C7C4C791}.Release|Any CPU.Build.0 = Release|Any CPU
	EndGlobalSection
	GlobalSection(SolutionProperties) = preSolution
		HideSolutionNode = FALSE
	EndGlobalSection
	GlobalSection(NestedProjects) = preSolution
		{53457C28-F682-4735-BC90-4C1D0927BFED} = {A71CB2FF-1A5C-450C-94FA-FCD62E4436A6}
		{CF72C11B-2FFC-4B86-9147-BD0A8124D84E} = {A71CB2FF-1A5C-450C-94FA-FCD62E4436A6}
		{F9CD7165-1F78-4932-8D1D-502D3691C19F} = {A71CB2FF-1A5C-450C-94FA-FCD62E4436A6}
		{D948A33F-5B8C-41F9-BFE5-DD1659897E9F} = {A71CB2FF-1A5C-450C-94FA-FCD62E4436A6}
		{F5B1310A-F1E5-4D72-8043-A9E3165D9560} = {A71CB2FF-1A5C-450C-94FA-FCD62E4436A6}
		{469D5E88-2837-467B-BA0A-B5F8C7C4C791} = {A71CB2FF-1A5C-450C-94FA-FCD62E4436A6}
	EndGlobalSection
	GlobalSection(ExtensibilityGlobals) = postSolution
		SolutionGuid = {23C7D82A-8265-4CB5-B98C-DF8306BECE88}
	EndGlobalSection
EndGlobal
